
Microsoft Visual Studio Solution File, Format Version 12.00
# Visual Studio Version 16
VisualStudioVersion = 16.0.29709.97
MinimumVisualStudioVersion = 10.0.40219.1
Project("{FAE04EC0-301F-11D3-BF4B-00C04F79EFBC}") = "7Z.Android", "7Z.Android\7Z.Android.csproj", "{F08D229B-8855-437F-8F71-3909B0FA26A0}"
EndProject
Project("{FAE04EC0-301F-11D3-BF4B-00C04F79EFBC}") = "7Z.iOS", "7Z.iOS\7Z.iOS.csproj", "{24AF1344-2894-444E-8A73-F015DCB4B87E}"
EndProject
Project("{FAE04EC0-301F-11D3-BF4B-00C04F79EFBC}") = "7Z", "7Z\7Z.csproj", "{C6573B09-2CEB-4269-8A96-669796A2AC91}"
EndProject
Global
	GlobalSection(SolutionConfigurationPlatforms) = preSolution
		Debug|Any CPU = Debug|Any CPU
		Debug|iPhone = Debug|iPhone
		Debug|iPhoneSimulator = Debug|iPhoneSimulator
		Release|Any CPU = Release|Any CPU
		Release|iPhone = Release|iPhone
		Release|iPhoneSimulator = Release|iPhoneSimulator
	EndGlobalSection
	GlobalSection(ProjectConfigurationPlatforms) = postSolution
		{F08D229B-8855-437F-8F71-3909B0FA26A0}.Debug|Any CPU.ActiveCfg = Debug|Any CPU
		{F08D229B-8855-437F-8F71-3909B0FA26A0}.Debug|Any CPU.Build.0 = Debug|Any CPU
		{F08D229B-8855-437F-8F71-3909B0FA26A0}.Debug|Any CPU.Deploy.0 = Debug|Any CPU
		{F08D229B-8855-437F-8F71-3909B0FA26A0}.Debug|iPhone.ActiveCfg = Debug|Any CPU
		{F08D229B-8855-437F-8F71-3909B0FA26A0}.Debug|iPhone.Build.0 = Debug|Any CPU
		{F08D229B-8855-437F-8F71-3909B0FA26A0}.Debug|iPhone.Deploy.0 = Debug|Any CPU
		{F08D229B-8855-437F-8F71-3909B0FA26A0}.Debug|iPhoneSimulator.ActiveCfg = Debug|Any CPU
		{F08D229B-8855-437F-8F71-3909B0FA26A0}.Debug|iPhoneSimulator.Build.0 = Debug|Any CPU
		{F08D229B-8855-437F-8F71-3909B0FA26A0}.Debug|iPhoneSimulator.Deploy.0 = Debug|Any CPU
		{F08D229B-8855-437F-8F71-3909B0FA26A0}.Release|Any CPU.ActiveCfg = Release|Any CPU
		{F08D229B-8855-437F-8F71-3909B0FA26A0}.Release|Any CPU.Build.0 = Release|Any CPU
		{F08D229B-8855-437F-8F71-3909B0FA26A0}.Release|Any CPU.Deploy.0 = Release|Any CPU
		{F08D229B-8855-437F-8F71-3909B0FA26A0}.Release|iPhone.ActiveCfg = Release|Any CPU
		{F08D229B-8855-437F-8F71-3909B0FA26A0}.Release|iPhone.Build.0 = Release|Any CPU
		{F08D229B-8855-437F-8F71-3909B0FA26A0}.Release|iPhone.Deploy.0 = Release|Any CPU
		{F08D229B-8855-437F-8F71-3909B0FA26A0}.Release|iPhoneSimulator.ActiveCfg = Release|Any CPU
		{F08D229B-8855-437F-8F71-3909B0FA26A0}.Release|iPhoneSimulator.Build.0 = Release|Any CPU
		{F08D229B-8855-437F-8F71-3909B0FA26A0}.Release|iPhoneSimulator.Deploy.0 = Release|Any CPU
		{24AF1344-2894-444E-8A73-F015DCB4B87E}.Debug|Any CPU.ActiveCfg = Debug|iPhoneSimulator
		{24AF1344-2894-444E-8A73-F015DCB4B87E}.Debug|Any CPU.Build.0 = Debug|iPhoneSimulator
		{24AF1344-2894-444E-8A73-F015DCB4B87E}.Debug|Any CPU.Deploy.0 = Debug|iPhoneSimulator
		{24AF1344-2894-444E-8A73-F015DCB4B87E}.Debug|iPhone.ActiveCfg = Debug|iPhone
		{24AF1344-2894-444E-8A73-F015DCB4B87E}.Debug|iPhone.Build.0 = Debug|iPhone
		{24AF1344-2894-444E-8A73-F015DCB4B87E}.Debug|iPhone.Deploy.0 = Debug|iPhone
		{24AF1344-2894-444E-8A73-F015DCB4B87E}.Debug|iPhoneSimulator.ActiveCfg = Debug|iPhoneSimulator
		{24AF1344-2894-444E-8A73-F015DCB4B87E}.Debug|iPhoneSimulator.Build.0 = Debug|iPhoneSimulator
		{24AF1344-2894-444E-8A73-F015DCB4B87E}.Debug|iPhoneSimulator.Deploy.0 = Debug|iPhoneSimulator
		{24AF1344-2894-444E-8A73-F015DCB4B87E}.Release|Any CPU.ActiveCfg = Release|iPhone
		{24AF1344-2894-444E-8A73-F015DCB4B87E}.Release|Any CPU.Build.0 = Release|iPhone
		{24AF1344-2894-444E-8A73-F015DCB4B87E}.Release|Any CPU.Deploy.0 = Release|iPhone
		{24AF1344-2894-444E-8A73-F015DCB4B87E}.Release|iPhone.ActiveCfg = Release|iPhone
		{24AF1344-2894-444E-8A73-F015DCB4B87E}.Release|iPhone.Build.0 = Release|iPhone
		{24AF1344-2894-444E-8A73-F015DCB4B87E}.Release|iPhone.Deploy.0 = Release|iPhone
		{24AF1344-2894-444E-8A73-F015DCB4B87E}.Release|iPhoneSimulator.ActiveCfg = Release|iPhoneSimulator
		{24AF1344-2894-444E-8A73-F015DCB4B87E}.Release|iPhoneSimulator.Build.0 = Release|iPhoneSimulator
		{24AF1344-2894-444E-8A73-F015DCB4B87E}.Release|iPhoneSimulator.Deploy.0 = Release|iPhoneSimulator
		{C6573B09-2CEB-4269-8A96-669796A2AC91}.Debug|Any CPU.ActiveCfg = Debug|Any CPU
		{C6573B09-2CEB-4269-8A96-669796A2AC91}.Debug|Any CPU.Build.0 = Debug|Any CPU
		{C6573B09-2CEB-4269-8A96-669796A2AC91}.Debug|Any CPU.Deploy.0 = Debug|Any CPU
		{C6573B09-2CEB-4269-8A96-669796A2AC91}.Debug|iPhone.ActiveCfg = Debug|Any CPU
		{C6573B09-2CEB-4269-8A96-669796A2AC91}.Debug|iPhone.Build.0 = Debug|Any CPU
		{C6573B09-2CEB-4269-8A96-669796A2AC91}.Debug|iPhone.Deploy.0 = Debug|Any CPU
		{C6573B09-2CEB-4269-8A96-669796A2AC91}.Debug|iPhoneSimulator.ActiveCfg = Debug|Any CPU
		{C6573B09-2CEB-4269-8A96-669796A2AC91}.Debug|iPhoneSimulator.Build.0 = Debug|Any CPU
		{C6573B09-2CEB-4269-8A96-669796A2AC91}.Debug|iPhoneSimulator.Deploy.0 = Debug|Any CPU
		{C6573B09-2CEB-4269-8A96-669796A2AC91}.Release|Any CPU.ActiveCfg = Release|Any CPU
		{C6573B09-2CEB-4269-8A96-669796A2AC91}.Release|Any CPU.Build.0 = Release|Any CPU
		{C6573B09-2CEB-4269-8A96-669796A2AC91}.Release|Any CPU.Deploy.0 = Release|Any CPU
		{C6573B09-2CEB-4269-8A96-669796A2AC91}.Release|iPhone.ActiveCfg = Release|Any CPU
		{C6573B09-2CEB-4269-8A96-669796A2AC91}.Release|iPhone.Build.0 = Release|Any CPU
		{C6573B09-2CEB-4269-8A96-669796A2AC91}.Release|iPhone.Deploy.0 = Release|Any CPU
		{C6573B09-2CEB-4269-8A96-669796A2AC91}.Release|iPhoneSimulator.ActiveCfg = Release|Any CPU
		{C6573B09-2CEB-4269-8A96-669796A2AC91}.Release|iPhoneSimulator.Build.0 = Release|Any CPU
		{C6573B09-2CEB-4269-8A96-669796A2AC91}.Release|iPhoneSimulator.Deploy.0 = Release|Any CPU
	EndGlobalSection
	GlobalSection(SolutionProperties) = preSolution
		HideSolutionNode = FALSE
	EndGlobalSection
	GlobalSection(ExtensibilityGlobals) = postSolution
		SolutionGuid = {5A332811-B632-4BC0-AC44-8A3261C1FFA5}
	EndGlobalSection
EndGlobal
